
Microsoft Visual Studio Solution File, Format Version 12.00
# Visual Studio Version 17
VisualStudioVersion = 17.1.32210.238
MinimumVisualStudioVersion = 10.0.40219.1
Project("{FAE04EC0-301F-11D3-BF4B-00C04F79EFBC}") = "WebApplication1", "WebApplication1\WebApplication1.csproj", "{13F0C25F-8040-4F35-B497-9A80532B2FD0}"
EndProject
Global
	GlobalSection(SolutionConfigurationPlatforms) = preSolution
		Debug|Any CPU = Debug|Any CPU
		Release|Any CPU = Release|Any CPU
	EndGlobalSection
	GlobalSection(ProjectConfigurationPlatforms) = postSolution
		{13F0C25F-8040-4F35-B497-9A80532B2FD0}.Debug|Any CPU.ActiveCfg = Debug|Any CPU
		{13F0C25F-8040-4F35-B497-9A80532B2FD0}.Debug|Any CPU.Build.0 = Debug|Any CPU
		{13F0C25F-8040-4F35-B497-9A80532B2FD0}.Release|Any CPU.ActiveCfg = Release|Any CPU
		{13F0C25F-8040-4F35-B497-9A80532B2FD0}.Release|Any CPU.Build.0 = Release|Any CPU
	EndGlobalSection
	GlobalSection(SolutionProperties) = preSolution
		HideSolutionNode = FALSE
	EndGlobalSection
	GlobalSection(ExtensibilityGlobals) = postSolution
		SolutionGuid = {D9121C0C-9E86-4F73-A492-7A5C46C4CF12}
	EndGlobalSection
EndGlobal
